
Microsoft Visual Studio Solution File, Format Version 12.00
# Visual Studio Version 17
VisualStudioVersion = 17.1.32228.430
MinimumVisualStudioVersion = 10.0.40219.1
Project("{9A19103F-16F7-4668-BE54-9A1E7A4F7556}") = "API_Orders", "API_Boulangerie\API_Orders.csproj", "{7B828D4C-92F9-4E36-AA2F-612655DABC01}"
	ProjectSection(ProjectDependencies) = postProject
		{60AB798D-D837-499F-B718-91CA6B8847EB} = {60AB798D-D837-499F-B718-91CA6B8847EB}
	EndProjectSection
EndProject
Project("{9A19103F-16F7-4668-BE54-9A1E7A4F7556}") = "Shared_Orders", "Shared_Boulangerie\Shared_Orders.csproj", "{60AB798D-D837-499F-B718-91CA6B8847EB}"
EndProject
Project("{FAE04EC0-301F-11D3-BF4B-00C04F79EFBC}") = "Blazor_Orders", "Blazor_Boulangerie\Blazor_Orders.csproj", "{74BF51DF-04D9-49F5-875C-B47C65C13BC0}"
EndProject
Global
	GlobalSection(SolutionConfigurationPlatforms) = preSolution
		Debug|Any CPU = Debug|Any CPU
		Release|Any CPU = Release|Any CPU
	EndGlobalSection
	GlobalSection(ProjectConfigurationPlatforms) = postSolution
		{7B828D4C-92F9-4E36-AA2F-612655DABC01}.Debug|Any CPU.ActiveCfg = Debug|Any CPU
		{7B828D4C-92F9-4E36-AA2F-612655DABC01}.Debug|Any CPU.Build.0 = Debug|Any CPU
		{7B828D4C-92F9-4E36-AA2F-612655DABC01}.Release|Any CPU.ActiveCfg = Release|Any CPU
		{7B828D4C-92F9-4E36-AA2F-612655DABC01}.Release|Any CPU.Build.0 = Release|Any CPU
		{60AB798D-D837-499F-B718-91CA6B8847EB}.Debug|Any CPU.ActiveCfg = Debug|Any CPU
		{60AB798D-D837-499F-B718-91CA6B8847EB}.Debug|Any CPU.Build.0 = Debug|Any CPU
		{60AB798D-D837-499F-B718-91CA6B8847EB}.Release|Any CPU.ActiveCfg = Release|Any CPU
		{60AB798D-D837-499F-B718-91CA6B8847EB}.Release|Any CPU.Build.0 = Release|Any CPU
		{74BF51DF-04D9-49F5-875C-B47C65C13BC0}.Debug|Any CPU.ActiveCfg = Debug|Any CPU
		{74BF51DF-04D9-49F5-875C-B47C65C13BC0}.Debug|Any CPU.Build.0 = Debug|Any CPU
		{74BF51DF-04D9-49F5-875C-B47C65C13BC0}.Release|Any CPU.ActiveCfg = Release|Any CPU
		{74BF51DF-04D9-49F5-875C-B47C65C13BC0}.Release|Any CPU.Build.0 = Release|Any CPU
	EndGlobalSection
	GlobalSection(SolutionProperties) = preSolution
		HideSolutionNode = FALSE
	EndGlobalSection
	GlobalSection(ExtensibilityGlobals) = postSolution
		SolutionGuid = {C8537FD2-B39E-4695-887F-B57A3086B123}
	EndGlobalSection
EndGlobal
